
Microsoft Visual Studio Solution File, Format Version 12.00
# Visual Studio Version 17
VisualStudioVersion = 17.12.35514.174 d17.12
MinimumVisualStudioVersion = 10.0.40219.1
Project("{FAE04EC0-301F-11D3-BF4B-00C04F79EFBC}") = "Enbrea.BbsPlanung.Db", "src\Enbrea.BbsPlanung.Db.csproj", "{3D16105C-44D0-4000-BB49-48E6B1D172C4}"
EndProject
Project("{FAE04EC0-301F-11D3-BF4B-00C04F79EFBC}") = "Enbrea.BbsPlanung.Db.SmokeTest", "test\SmokeTest\Enbrea.BbsPlanung.Db.SmokeTest.csproj", "{624EC921-0F39-4787-B01F-9C89E5E7C874}"
EndProject
Project("{2150E333-8FDC-42A3-9474-1A3956D46DE8}") = "Solution Items", "Solution Items", "{F402707E-0636-41C5-94F5-162D83775F67}"
	ProjectSection(SolutionItems) = preProject
		.editorconfig = .editorconfig
	EndProjectSection
EndProject
Global
	GlobalSection(SolutionConfigurationPlatforms) = preSolution
		Debug|Any CPU = Debug|Any CPU
		Release|Any CPU = Release|Any CPU
	EndGlobalSection
	GlobalSection(ProjectConfigurationPlatforms) = postSolution
		{3D16105C-44D0-4000-BB49-48E6B1D172C4}.Debug|Any CPU.ActiveCfg = Debug|Any CPU
		{3D16105C-44D0-4000-BB49-48E6B1D172C4}.Debug|Any CPU.Build.0 = Debug|Any CPU
		{3D16105C-44D0-4000-BB49-48E6B1D172C4}.Release|Any CPU.ActiveCfg = Release|Any CPU
		{3D16105C-44D0-4000-BB49-48E6B1D172C4}.Release|Any CPU.Build.0 = Release|Any CPU
		{624EC921-0F39-4787-B01F-9C89E5E7C874}.Debug|Any CPU.ActiveCfg = Debug|Any CPU
		{624EC921-0F39-4787-B01F-9C89E5E7C874}.Debug|Any CPU.Build.0 = Debug|Any CPU
		{624EC921-0F39-4787-B01F-9C89E5E7C874}.Release|Any CPU.ActiveCfg = Release|Any CPU
		{624EC921-0F39-4787-B01F-9C89E5E7C874}.Release|Any CPU.Build.0 = Release|Any CPU
	EndGlobalSection
	GlobalSection(SolutionProperties) = preSolution
		HideSolutionNode = FALSE
	EndGlobalSection
	GlobalSection(ExtensibilityGlobals) = postSolution
		SolutionGuid = {5BE2A65D-5655-4C90-97CE-26121FF9652D}
	EndGlobalSection
EndGlobal
